// !$*UTF8*$!
{
	archiveVersion = 1;
	classes = {
	};
	objectVersion = 56;
	objects = {

/* Begin PBXBuildFile section */
		942FAF62E27825F3C56D93D3 /* CompactIndex.swift in Sources */ = {isa = PBXBuildFile; fileRef = F42251310BC5680321494D60 /* CompactIndex.swift */; };
		96D86D02279F29A2CCB3451E /* MarmotLogoView.swift in Sources */ = {isa = PBXBuildFile; fileRef = 8614B2A644D450D6AF22833E /* MarmotLogoView.swift */; };
		A4A9314E072C1845129A0515 /* VisualEffectView.swift in Sources */ = {isa = PBXBuildFile; fileRef = 82937A1A9F7D91EE509602A3 /* VisualEffectView.swift */; };
		ABOUTVIEW_SWIFT /* AboutView.swift in Sources */ = {isa = PBXBuildFile; fileRef = ABOUTVIEW_SWIFT_REF /* AboutView.swift */; };
		APPCONFIG_SWIFT /* AppConfig.swift in Sources */ = {isa = PBXBuildFile; fileRef = APPCONFIG_SWIFT_REF /* AppConfig.swift */; };
		APPDELEGATE_SWIFT /* AppDelegate.swift in Sources */ = {isa = PBXBuildFile; fileRef = APPDELEGATE_SWIFT_REF /* AppDelegate.swift */; };
		ASSETS_BUILD /* Assets.xcassets in Resources */ = {isa = PBXBuildFile; fileRef = ASSETS_REF /* Assets.xcassets */; };
		B5A0FC3FC4AF28737AB0B27D /* LRUCache.swift in Sources */ = {isa = PBXBuildFile; fileRef = 1610DB0D2564315AA141A20A /* LRUCache.swift */; };
		BASICSETTINGS_SWIFT /* BasicSettingsView.swift in Sources */ = {isa = PBXBuildFile; fileRef = BASICSETTINGS_SWIFT_REF /* BasicSettingsView.swift */; };
		CANDIDATEWIN_SWIFT /* CandidateWindow.swift in Sources */ = {isa = PBXBuildFile; fileRef = CANDIDATEWIN_SWIFT_REF /* CandidateWindow.swift */; };
		CD79C8E494C4295842A8153C /* UserTierIndex.swift in Sources */ = {isa = PBXBuildFile; fileRef = 2E829BD9C75CF11CD1945BC6 /* UserTierIndex.swift */; };
		CHARTOPINYIN_JSON /* char_to_pinyin.json in Resources */ = {isa = PBXBuildFile; fileRef = CHARTOPINYIN_JSON_REF /* char_to_pinyin.json */; };
		CHARTOWUBI_JSON /* char_to_wubi.json in Resources */ = {isa = PBXBuildFile; fileRef = CHARTOWUBI_JSON_REF /* char_to_wubi.json */; };
		JIANMA_TXT /* jianma.txt in Resources */ = {isa = PBXBuildFile; fileRef = JIANMA_TXT_REF /* jianma.txt */; };
		DICTENGINE_SWIFT /* DictionaryEngine.swift in Sources */ = {isa = PBXBuildFile; fileRef = DICTENGINE_SWIFT_REF /* DictionaryEngine.swift */; };
		DICTENTRY_SWIFT /* DictionaryEntry.swift in Sources */ = {isa = PBXBuildFile; fileRef = DICTENTRY_SWIFT_REF /* DictionaryEntry.swift */; };
		F5FE4749BE7140CABCCD842A /* HotTierIndex.swift in Sources */ = {isa = PBXBuildFile; fileRef = 65A3A4EBE7E620D359EA4DA0 /* HotTierIndex.swift */; };
		FRECENCY_SWIFT /* FrecencyScore.swift in Sources */ = {isa = PBXBuildFile; fileRef = FRECENCY_SWIFT_REF /* FrecencyScore.swift */; };
		ICLOUDSYNCMGR_SWIFT /* iCloudSyncManager.swift in Sources */ = {isa = PBXBuildFile; fileRef = ICLOUDSYNCMGR_SWIFT_REF /* iCloudSyncManager.swift */; };
		IMPORTEXPORT_SWIFT /* ImportExportView.swift in Sources */ = {isa = PBXBuildFile; fileRef = IMPORTEXPORT_SWIFT_REF /* ImportExportView.swift */; };
		INFOPLIST_STRINGS /* InfoPlist.strings in Resources */ = {isa = PBXBuildFile; fileRef = INFOPLIST_STRINGS_REF /* InfoPlist.strings */; };
		INPUTCONTROLLER_SWIFT /* InputController.swift in Sources */ = {isa = PBXBuildFile; fileRef = INPUTCONTROLLER_SWIFT_REF /* InputController.swift */; };
		INPUTMETHOD_FW /* InputMethodKit.framework in Frameworks */ = {isa = PBXBuildFile; fileRef = INPUTMETHOD_FW_REF /* InputMethodKit.framework */; };
		MAIN_SWIFT /* main.swift in Sources */ = {isa = PBXBuildFile; fileRef = MAIN_SWIFT_REF /* main.swift */; };
		MODEINDICATOR_SWIFT /* ModeIndicator.swift in Sources */ = {isa = PBXBuildFile; fileRef = MODEINDICATOR_SWIFT_REF /* ModeIndicator.swift */; };
		POLYPHONEWORDS_JSON /* polyphone_words.json in Resources */ = {isa = PBXBuildFile; fileRef = POLYPHONEWORDS_JSON_REF /* polyphone_words.json */; };
		PREFIXTRIE_SWIFT /* PrefixTrie.swift in Sources */ = {isa = PBXBuildFile; fileRef = PREFIXTRIE_SWIFT_REF /* PrefixTrie.swift */; };
		PRELOAD_SWIFT /* DictionaryPreloadService.swift in Sources */ = {isa = PBXBuildFile; fileRef = PRELOAD_SWIFT_REF /* DictionaryPreloadService.swift */; };
		PUNCTUATION_SWIFT /* PunctuationView.swift in Sources */ = {isa = PBXBuildFile; fileRef = PUNCTUATION_SWIFT_REF /* PunctuationView.swift */; };
		RANKER_SWIFT /* CandidateRanker.swift in Sources */ = {isa = PBXBuildFile; fileRef = RANKER_SWIFT_REF /* CandidateRanker.swift */; };
		REVERSELOOKUP_SWIFT /* ReverseLookupTable.swift in Sources */ = {isa = PBXBuildFile; fileRef = REVERSELOOKUP_SWIFT_REF /* ReverseLookupTable.swift */; };
		SELECTIONCAPTURE_SWIFT /* SelectionCapture.swift in Sources */ = {isa = PBXBuildFile; fileRef = SELECTIONCAPTURE_SWIFT_REF /* SelectionCapture.swift */; };
		SETTINGSWINDOW_SWIFT /* SettingsWindowController.swift in Sources */ = {isa = PBXBuildFile; fileRef = SETTINGSWINDOW_SWIFT_REF /* SettingsWindowController.swift */; };
		SQLITE_LIB /* libsqlite3.tbd in Frameworks */ = {isa = PBXBuildFile; fileRef = SQLITE_LIB_REF /* libsqlite3.tbd */; };
		SYNCERROR_SWIFT /* SyncError.swift in Sources */ = {isa = PBXBuildFile; fileRef = SYNCERROR_SWIFT_REF /* SyncError.swift */; };
		SYNCMERGER_SWIFT /* SyncMerger.swift in Sources */ = {isa = PBXBuildFile; fileRef = SYNCMERGER_SWIFT_REF /* SyncMerger.swift */; };
		SYNCMODELS_SWIFT /* SyncModels.swift in Sources */ = {isa = PBXBuildFile; fileRef = SYNCMODELS_SWIFT_REF /* SyncModels.swift */; };
		THEMESETTINGS_SWIFT /* ThemeSettingsView.swift in Sources */ = {isa = PBXBuildFile; fileRef = THEMESETTINGS_SWIFT_REF /* ThemeSettingsView.swift */; };
		USERDICT_SWIFT /* UserDictView.swift in Sources */ = {isa = PBXBuildFile; fileRef = USERDICT_SWIFT_REF /* UserDictView.swift */; };
		VOCABDB_SWIFT /* VocabularyDatabase.swift in Sources */ = {isa = PBXBuildFile; fileRef = VOCABDB_SWIFT_REF /* VocabularyDatabase.swift */; };
/* End PBXBuildFile section */

/* Begin PBXFileReference section */
		1610DB0D2564315AA141A20A /* LRUCache.swift */ = {isa = PBXFileReference; includeInIndex = 1; lastKnownFileType = sourcecode.swift; name = LRUCache.swift; path = LRUCache.swift; sourceTree = "<group>"; };
		2E829BD9C75CF11CD1945BC6 /* UserTierIndex.swift */ = {isa = PBXFileReference; includeInIndex = 1; lastKnownFileType = sourcecode.swift; name = UserTierIndex.swift; path = UserTierIndex.swift; sourceTree = "<group>"; };
		65A3A4EBE7E620D359EA4DA0 /* HotTierIndex.swift */ = {isa = PBXFileReference; includeInIndex = 1; lastKnownFileType = sourcecode.swift; name = HotTierIndex.swift; path = HotTierIndex.swift; sourceTree = "<group>"; };
		82937A1A9F7D91EE509602A3 /* VisualEffectView.swift */ = {isa = PBXFileReference; includeInIndex = 1; lastKnownFileType = sourcecode.swift; path = VisualEffectView.swift; sourceTree = "<group>"; };
		8614B2A644D450D6AF22833E /* MarmotLogoView.swift */ = {isa = PBXFileReference; includeInIndex = 1; lastKnownFileType = sourcecode.swift; path = MarmotLogoView.swift; sourceTree = "<group>"; };
		ABOUTVIEW_SWIFT_REF /* AboutView.swift */ = {isa = PBXFileReference; lastKnownFileType = sourcecode.swift; path = AboutView.swift; sourceTree = "<group>"; };
		APPCONFIG_SWIFT_REF /* AppConfig.swift */ = {isa = PBXFileReference; lastKnownFileType = sourcecode.swift; path = AppConfig.swift; sourceTree = "<group>"; };
		APPDELEGATE_SWIFT_REF /* AppDelegate.swift */ = {isa = PBXFileReference; lastKnownFileType = sourcecode.swift; path = AppDelegate.swift; sourceTree = "<group>"; };
		APP_REF /* MarmotIM.app */ = {isa = PBXFileReference; explicitFileType = wrapper.application; includeInIndex = 0; path = MarmotIM.app; sourceTree = BUILT_PRODUCTS_DIR; };
		ASSETS_REF /* Assets.xcassets */ = {isa = PBXFileReference; lastKnownFileType = folder.assetcatalog; path = Assets.xcassets; sourceTree = "<group>"; };
		BASICSETTINGS_SWIFT_REF /* BasicSettingsView.swift */ = {isa = PBXFileReference; lastKnownFileType = sourcecode.swift; path = BasicSettingsView.swift; sourceTree = "<group>"; };
		CANDIDATEWIN_SWIFT_REF /* CandidateWindow.swift */ = {isa = PBXFileReference; lastKnownFileType = sourcecode.swift; path = CandidateWindow.swift; sourceTree = "<group>"; };
		CHARTOPINYIN_JSON_REF /* char_to_pinyin.json */ = {isa = PBXFileReference; lastKnownFileType = text.json; path = char_to_pinyin.json; sourceTree = "<group>"; };
		CHARTOWUBI_JSON_REF /* char_to_wubi.json */ = {isa = PBXFileReference; lastKnownFileType = text.json; path = char_to_wubi.json; sourceTree = "<group>"; };
		JIANMA_TXT_REF /* jianma.txt */ = {isa = PBXFileReference; lastKnownFileType = text; path = jianma.txt; sourceTree = "<group>"; };
		DICTENGINE_SWIFT_REF /* DictionaryEngine.swift */ = {isa = PBXFileReference; lastKnownFileType = sourcecode.swift; path = DictionaryEngine.swift; sourceTree = "<group>"; };
		DICTENTRY_SWIFT_REF /* DictionaryEntry.swift */ = {isa = PBXFileReference; lastKnownFileType = sourcecode.swift; path = DictionaryEntry.swift; sourceTree = "<group>"; };
		ENTITLEMENTS_REF /* MarmotIM.entitlements */ = {isa = PBXFileReference; lastKnownFileType = text.plist.entitlements; path = MarmotIM.entitlements; sourceTree = "<group>"; };
		F42251310BC5680321494D60 /* CompactIndex.swift */ = {isa = PBXFileReference; includeInIndex = 1; lastKnownFileType = sourcecode.swift; name = CompactIndex.swift; path = CompactIndex.swift; sourceTree = "<group>"; };
		FRECENCY_SWIFT_REF /* FrecencyScore.swift */ = {isa = PBXFileReference; lastKnownFileType = sourcecode.swift; path = FrecencyScore.swift; sourceTree = "<group>"; };
		ICLOUDSYNCMGR_SWIFT_REF /* iCloudSyncManager.swift */ = {isa = PBXFileReference; lastKnownFileType = sourcecode.swift; path = iCloudSyncManager.swift; sourceTree = "<group>"; };
		IMPORTEXPORT_SWIFT_REF /* ImportExportView.swift */ = {isa = PBXFileReference; lastKnownFileType = sourcecode.swift; path = ImportExportView.swift; sourceTree = "<group>"; };
		INFOPLIST_EN_REF /* en */ = {isa = PBXFileReference; lastKnownFileType = text.plist.strings; name = en; path = en.lproj/InfoPlist.strings; sourceTree = "<group>"; };
		INFOPLIST_ZH_REF /* zh-Hans */ = {isa = PBXFileReference; lastKnownFileType = text.plist.strings; name = "zh-Hans"; path = "zh-Hans.lproj/InfoPlist.strings"; sourceTree = "<group>"; };
		INFO_PLIST_REF /* Info.plist */ = {isa = PBXFileReference; lastKnownFileType = text.plist.xml; path = Info.plist; sourceTree = "<group>"; };
		INPUTCONTROLLER_SWIFT_REF /* InputController.swift */ = {isa = PBXFileReference; lastKnownFileType = sourcecode.swift; path = InputController.swift; sourceTree = "<group>"; };
		INPUTMETHOD_FW_REF /* InputMethodKit.framework */ = {isa = PBXFileReference; lastKnownFileType = wrapper.framework; name = InputMethodKit.framework; path = System/Library/Frameworks/InputMethodKit.framework; sourceTree = SDKROOT; };
		MAIN_SWIFT_REF /* main.swift */ = {isa = PBXFileReference; lastKnownFileType = sourcecode.swift; path = main.swift; sourceTree = "<group>"; };
		MODEINDICATOR_SWIFT_REF /* ModeIndicator.swift */ = {isa = PBXFileReference; lastKnownFileType = sourcecode.swift; path = ModeIndicator.swift; sourceTree = "<group>"; };
		POLYPHONEWORDS_JSON_REF /* polyphone_words.json */ = {isa = PBXFileReference; lastKnownFileType = text.json; path = polyphone_words.json; sourceTree = "<group>"; };
		PREFIXTRIE_SWIFT_REF /* PrefixTrie.swift */ = {isa = PBXFileReference; lastKnownFileType = sourcecode.swift; path = PrefixTrie.swift; sourceTree = "<group>"; };
		PRELOAD_SWIFT_REF /* DictionaryPreloadService.swift */ = {isa = PBXFileReference; lastKnownFileType = sourcecode.swift; path = DictionaryPreloadService.swift; sourceTree = "<group>"; };
		PUNCTUATION_SWIFT_REF /* PunctuationView.swift */ = {isa = PBXFileReference; lastKnownFileType = sourcecode.swift; path = PunctuationView.swift; sourceTree = "<group>"; };
		RANKER_SWIFT_REF /* CandidateRanker.swift */ = {isa = PBXFileReference; lastKnownFileType = sourcecode.swift; path = CandidateRanker.swift; sourceTree = "<group>"; };
		REVERSELOOKUP_SWIFT_REF /* ReverseLookupTable.swift */ = {isa = PBXFileReference; lastKnownFileType = sourcecode.swift; path = ReverseLookupTable.swift; sourceTree = "<group>"; };
		SELECTIONCAPTURE_SWIFT_REF /* SelectionCapture.swift */ = {isa = PBXFileReference; lastKnownFileType = sourcecode.swift; path = SelectionCapture.swift; sourceTree = "<group>"; };
		SETTINGSWINDOW_SWIFT_REF /* SettingsWindowController.swift */ = {isa = PBXFileReference; lastKnownFileType = sourcecode.swift; path = SettingsWindowController.swift; sourceTree = "<group>"; };
		SQLITE_LIB_REF /* libsqlite3.tbd */ = {isa = PBXFileReference; lastKnownFileType = "sourcecode.text-based-dylib-definition"; name = libsqlite3.tbd; path = usr/lib/libsqlite3.tbd; sourceTree = SDKROOT; };
		SYNCERROR_SWIFT_REF /* SyncError.swift */ = {isa = PBXFileReference; lastKnownFileType = sourcecode.swift; path = SyncError.swift; sourceTree = "<group>"; };
		SYNCMERGER_SWIFT_REF /* SyncMerger.swift */ = {isa = PBXFileReference; lastKnownFileType = sourcecode.swift; path = SyncMerger.swift; sourceTree = "<group>"; };
		SYNCMODELS_SWIFT_REF /* SyncModels.swift */ = {isa = PBXFileReference; lastKnownFileType = sourcecode.swift; path = SyncModels.swift; sourceTree = "<group>"; };
		THEMESETTINGS_SWIFT_REF /* ThemeSettingsView.swift */ = {isa = PBXFileReference; lastKnownFileType = sourcecode.swift; path = ThemeSettingsView.swift; sourceTree = "<group>"; };
		USERDICT_SWIFT_REF /* UserDictView.swift */ = {isa = PBXFileReference; lastKnownFileType = sourcecode.swift; path = UserDictView.swift; sourceTree = "<group>"; };
		VOCABDB_SWIFT_REF /* VocabularyDatabase.swift */ = {isa = PBXFileReference; lastKnownFileType = sourcecode.swift; path = VocabularyDatabase.swift; sourceTree = "<group>"; };
/* End PBXFileReference section */

/* Begin PBXFrameworksBuildPhase section */
		FRAMEWORKS_PHASE /* Frameworks */ = {
			isa = PBXFrameworksBuildPhase;
			buildActionMask = 2147483647;
			files = (
				INPUTMETHOD_FW /* InputMethodKit.framework in Frameworks */,
				SQLITE_LIB /* libsqlite3.tbd in Frameworks */,
			);
			runOnlyForDeploymentPostprocessing = 0;
		};
/* End PBXFrameworksBuildPhase section */

/* Begin PBXGroup section */
		CONFIG_GROUP /* Config */ = {
			isa = PBXGroup;
			children = (
				APPCONFIG_SWIFT_REF /* AppConfig.swift */,
			);
			path = Config;
			sourceTree = "<group>";
		};
		DICTIONARY_GROUP /* Dictionary */ = {
			isa = PBXGroup;
			children = (
				DICTENTRY_SWIFT_REF /* DictionaryEntry.swift */,
				DICTENGINE_SWIFT_REF /* DictionaryEngine.swift */,
				PREFIXTRIE_SWIFT_REF /* PrefixTrie.swift */,
				VOCABDB_SWIFT_REF /* VocabularyDatabase.swift */,
				PRELOAD_SWIFT_REF /* DictionaryPreloadService.swift */,
				REVERSELOOKUP_SWIFT_REF /* ReverseLookupTable.swift */,
				F42251310BC5680321494D60 /* CompactIndex.swift */,
				1610DB0D2564315AA141A20A /* LRUCache.swift */,
				65A3A4EBE7E620D359EA4DA0 /* HotTierIndex.swift */,
				2E829BD9C75CF11CD1945BC6 /* UserTierIndex.swift */,
			);
			path = Dictionary;
			sourceTree = "<group>";
		};
		FRAMEWORKS_GROUP /* Frameworks */ = {
			isa = PBXGroup;
			children = (
				INPUTMETHOD_FW_REF /* InputMethodKit.framework */,
				SQLITE_LIB_REF /* libsqlite3.tbd */,
			);
			name = Frameworks;
			sourceTree = "<group>";
		};
		PRODUCTS_GROUP /* Products */ = {
			isa = PBXGroup;
			children = (
				APP_REF /* MarmotIM.app */,
			);
			name = Products;
			sourceTree = "<group>";
		};
		RANKING_GROUP /* Ranking */ = {
			isa = PBXGroup;
			children = (
				FRECENCY_SWIFT_REF /* FrecencyScore.swift */,
				RANKER_SWIFT_REF /* CandidateRanker.swift */,
			);
			path = Ranking;
			sourceTree = "<group>";
		};
		RESOURCES_JSON_GROUP /* Resources */ = {
			isa = PBXGroup;
			children = (
				CHARTOWUBI_JSON_REF /* char_to_wubi.json */,
				CHARTOPINYIN_JSON_REF /* char_to_pinyin.json */,
				POLYPHONEWORDS_JSON_REF /* polyphone_words.json */,
				JIANMA_TXT_REF /* jianma.txt */,
			);
			path = Resources;
			sourceTree = "<group>";
		};
		ROOT_GROUP = {
			isa = PBXGroup;
			children = (
				SOURCE_GROUP /* MarmotIM */,
				PRODUCTS_GROUP /* Products */,
				FRAMEWORKS_GROUP /* Frameworks */,
			);
			sourceTree = "<group>";
		};
		SERVICES_GROUP /* Services */ = {
			isa = PBXGroup;
			children = (
				SELECTIONCAPTURE_SWIFT_REF /* SelectionCapture.swift */,
			);
			path = Services;
			sourceTree = "<group>";
		};
		SETTINGS_GROUP /* Settings */ = {
			isa = PBXGroup;
			children = (
				SETTINGSWINDOW_SWIFT_REF /* SettingsWindowController.swift */,
				SETTINGS_TABS_GROUP /* Tabs */,
			);
			path = Settings;
			sourceTree = "<group>";
		};
		SETTINGS_TABS_GROUP /* Tabs */ = {
			isa = PBXGroup;
			children = (
				BASICSETTINGS_SWIFT_REF /* BasicSettingsView.swift */,
				USERDICT_SWIFT_REF /* UserDictView.swift */,
				PUNCTUATION_SWIFT_REF /* PunctuationView.swift */,
				THEMESETTINGS_SWIFT_REF /* ThemeSettingsView.swift */,
				IMPORTEXPORT_SWIFT_REF /* ImportExportView.swift */,
				ABOUTVIEW_SWIFT_REF /* AboutView.swift */,
			);
			path = Tabs;
			sourceTree = "<group>";
		};
		SOURCE_GROUP /* MarmotIM */ = {
			isa = PBXGroup;
			children = (
				MAIN_SWIFT_REF /* main.swift */,
				APPDELEGATE_SWIFT_REF /* AppDelegate.swift */,
				INPUTCONTROLLER_SWIFT_REF /* InputController.swift */,
				DICTIONARY_GROUP /* Dictionary */,
				RANKING_GROUP /* Ranking */,
				UI_GROUP /* UI */,
				CONFIG_GROUP /* Config */,
				SETTINGS_GROUP /* Settings */,
				SERVICES_GROUP /* Services */,
				SYNC_GROUP /* Sync */,
				RESOURCES_JSON_GROUP /* Resources */,
				INFO_PLIST_REF /* Info.plist */,
				ENTITLEMENTS_REF /* MarmotIM.entitlements */,
				INFOPLIST_STRINGS_REF /* InfoPlist.strings */,
				ASSETS_REF /* Assets.xcassets */,
			);
			path = MarmotIM;
			sourceTree = "<group>";
		};
		SYNC_GROUP /* Sync */ = {
			isa = PBXGroup;
			children = (
				SYNCERROR_SWIFT_REF /* SyncError.swift */,
				SYNCMODELS_SWIFT_REF /* SyncModels.swift */,
				SYNCMERGER_SWIFT_REF /* SyncMerger.swift */,
				ICLOUDSYNCMGR_SWIFT_REF /* iCloudSyncManager.swift */,
			);
			path = Sync;
			sourceTree = "<group>";
		};
		UI_GROUP /* UI */ = {
			isa = PBXGroup;
			children = (
				CANDIDATEWIN_SWIFT_REF /* CandidateWindow.swift */,
				MODEINDICATOR_SWIFT_REF /* ModeIndicator.swift */,
				8614B2A644D450D6AF22833E /* MarmotLogoView.swift */,
				82937A1A9F7D91EE509602A3 /* VisualEffectView.swift */,
			);
			path = UI;
			sourceTree = "<group>";
		};
/* End PBXGroup section */

/* Begin PBXNativeTarget section */
		APP_TARGET /* MarmotIM */ = {
			isa = PBXNativeTarget;
			buildConfigurationList = BUILD_CONFIG_LIST /* Build configuration list for PBXNativeTarget "MarmotIM" */;
			buildPhases = (
				SOURCES_PHASE /* Sources */,
				FRAMEWORKS_PHASE /* Frameworks */,
				RESOURCES_PHASE /* Resources */,
			);
			buildRules = (
			);
			dependencies = (
			);
			name = MarmotIM;
			productName = MarmotIM;
			productReference = APP_REF /* MarmotIM.app */;
			productType = "com.apple.product-type.application";
		};
/* End PBXNativeTarget section */

/* Begin PBXProject section */
		PROJECT_ROOT /* Project object */ = {
			isa = PBXProject;
			attributes = {
				BuildIndependentTargetsInParallel = 1;
				LastSwiftUpdateCheck = 1500;
				LastUpgradeCheck = 1500;
				TargetAttributes = {
					APP_TARGET = {
						CreatedOnToolsVersion = 15.0;
					};
				};
			};
			buildConfigurationList = PROJECT_CONFIG_LIST /* Build configuration list for PBXProject "MarmotIM" */;
			compatibilityVersion = "Xcode 14.0";
			developmentRegion = en;
			hasScannedForEncodings = 0;
			knownRegions = (
				en,
				Base,
				"zh-Hans",
			);
			mainGroup = ROOT_GROUP;
			productRefGroup = PRODUCTS_GROUP /* Products */;
			projectDirPath = "";
			projectRoot = "";
			targets = (
				APP_TARGET /* MarmotIM */,
			);
		};
/* End PBXProject section */

/* Begin PBXResourcesBuildPhase section */
		RESOURCES_PHASE /* Resources */ = {
			isa = PBXResourcesBuildPhase;
			buildActionMask = 2147483647;
			files = (
				INFOPLIST_STRINGS /* InfoPlist.strings in Resources */,
				ASSETS_BUILD /* Assets.xcassets in Resources */,
				CHARTOWUBI_JSON /* char_to_wubi.json in Resources */,
				CHARTOPINYIN_JSON /* char_to_pinyin.json in Resources */,
				POLYPHONEWORDS_JSON /* polyphone_words.json in Resources */,
				JIANMA_TXT /* jianma.txt in Resources */,
			);
			runOnlyForDeploymentPostprocessing = 0;
		};
/* End PBXResourcesBuildPhase section */

/* Begin PBXSourcesBuildPhase section */
		SOURCES_PHASE /* Sources */ = {
			isa = PBXSourcesBuildPhase;
			buildActionMask = 2147483647;
			files = (
				MAIN_SWIFT /* main.swift in Sources */,
				APPDELEGATE_SWIFT /* AppDelegate.swift in Sources */,
				INPUTCONTROLLER_SWIFT /* InputController.swift in Sources */,
				DICTENTRY_SWIFT /* DictionaryEntry.swift in Sources */,
				DICTENGINE_SWIFT /* DictionaryEngine.swift in Sources */,
				PREFIXTRIE_SWIFT /* PrefixTrie.swift in Sources */,
				VOCABDB_SWIFT /* VocabularyDatabase.swift in Sources */,
				PRELOAD_SWIFT /* DictionaryPreloadService.swift in Sources */,
				FRECENCY_SWIFT /* FrecencyScore.swift in Sources */,
				RANKER_SWIFT /* CandidateRanker.swift in Sources */,
				CANDIDATEWIN_SWIFT /* CandidateWindow.swift in Sources */,
				APPCONFIG_SWIFT /* AppConfig.swift in Sources */,
				MODEINDICATOR_SWIFT /* ModeIndicator.swift in Sources */,
				SETTINGSWINDOW_SWIFT /* SettingsWindowController.swift in Sources */,
				BASICSETTINGS_SWIFT /* BasicSettingsView.swift in Sources */,
				USERDICT_SWIFT /* UserDictView.swift in Sources */,
				PUNCTUATION_SWIFT /* PunctuationView.swift in Sources */,
				THEMESETTINGS_SWIFT /* ThemeSettingsView.swift in Sources */,
				IMPORTEXPORT_SWIFT /* ImportExportView.swift in Sources */,
				ABOUTVIEW_SWIFT /* AboutView.swift in Sources */,
				REVERSELOOKUP_SWIFT /* ReverseLookupTable.swift in Sources */,
				SELECTIONCAPTURE_SWIFT /* SelectionCapture.swift in Sources */,
				SYNCERROR_SWIFT /* SyncError.swift in Sources */,
				SYNCMODELS_SWIFT /* SyncModels.swift in Sources */,
				SYNCMERGER_SWIFT /* SyncMerger.swift in Sources */,
				ICLOUDSYNCMGR_SWIFT /* iCloudSyncManager.swift in Sources */,
				96D86D02279F29A2CCB3451E /* MarmotLogoView.swift in Sources */,
				A4A9314E072C1845129A0515 /* VisualEffectView.swift in Sources */,
				942FAF62E27825F3C56D93D3 /* CompactIndex.swift in Sources */,
				B5A0FC3FC4AF28737AB0B27D /* LRUCache.swift in Sources */,
				F5FE4749BE7140CABCCD842A /* HotTierIndex.swift in Sources */,
				CD79C8E494C4295842A8153C /* UserTierIndex.swift in Sources */,
			);
			runOnlyForDeploymentPostprocessing = 0;
		};
/* End PBXSourcesBuildPhase section */

/* Begin PBXVariantGroup section */
		INFOPLIST_STRINGS_REF /* InfoPlist.strings */ = {
			isa = PBXVariantGroup;
			children = (
				INFOPLIST_EN_REF /* en */,
				INFOPLIST_ZH_REF /* zh-Hans */,
			);
			name = InfoPlist.strings;
			sourceTree = "<group>";
		};
/* End PBXVariantGroup section */

/* Begin XCBuildConfiguration section */
		DEBUG_CONFIG /* Debug */ = {
			isa = XCBuildConfiguration;
			buildSettings = {
				ALWAYS_SEARCH_USER_PATHS = NO;
				ASSETCATALOG_COMPILER_GENERATE_SWIFT_ASSET_SYMBOL_EXTENSIONS = YES;
				CLANG_ANALYZER_NONNULL = YES;
				CLANG_ANALYZER_NUMBER_OBJECT_CONVERSION = YES_AGGRESSIVE;
				CLANG_CXX_LANGUAGE_STANDARD = "gnu++20";
				CLANG_ENABLE_MODULES = YES;
				CLANG_ENABLE_OBJC_ARC = YES;
				CLANG_ENABLE_OBJC_WEAK = YES;
				CLANG_WARN_BLOCK_CAPTURE_AUTORELEASING = YES;
				CLANG_WARN_BOOL_CONVERSION = YES;
				CLANG_WARN_COMMA = YES;
				CLANG_WARN_CONSTANT_CONVERSION = YES;
				CLANG_WARN_DEPRECATED_OBJC_IMPLEMENTATIONS = YES;
				CLANG_WARN_DIRECT_OBJC_ISA_USAGE = YES_ERROR;
				CLANG_WARN_DOCUMENTATION_COMMENTS = YES;
				CLANG_WARN_EMPTY_BODY = YES;
				CLANG_WARN_ENUM_CONVERSION = YES;
				CLANG_WARN_INFINITE_RECURSION = YES;
				CLANG_WARN_INT_CONVERSION = YES;
				CLANG_WARN_NON_LITERAL_NULL_CONVERSION = YES;
				CLANG_WARN_OBJC_IMPLICIT_RETAIN_SELF = YES;
				CLANG_WARN_OBJC_LITERAL_CONVERSION = YES;
				CLANG_WARN_OBJC_ROOT_CLASS = YES_ERROR;
				CLANG_WARN_QUOTED_INCLUDE_IN_FRAMEWORK_HEADER = YES;
				CLANG_WARN_RANGE_LOOP_ANALYSIS = YES;
				CLANG_WARN_STRICT_PROTOTYPES = YES;
				CLANG_WARN_SUSPICIOUS_MOVE = YES;
				CLANG_WARN_UNGUARDED_AVAILABILITY = YES_AGGRESSIVE;
				CLANG_WARN_UNREACHABLE_CODE = YES;
				CLANG_WARN__DUPLICATE_METHOD_MATCH = YES;
				COPY_PHASE_STRIP = NO;
				DEBUG_INFORMATION_FORMAT = dwarf;
				ENABLE_STRICT_OBJC_MSGSEND = YES;
				ENABLE_TESTABILITY = YES;
				ENABLE_USER_SCRIPT_SANDBOXING = YES;
				GCC_C_LANGUAGE_STANDARD = gnu17;
				GCC_DYNAMIC_NO_PIC = NO;
				GCC_NO_COMMON_BLOCKS = YES;
				GCC_OPTIMIZATION_LEVEL = 0;
				GCC_PREPROCESSOR_DEFINITIONS = (
					"DEBUG=1",
					"$(inherited)",
				);
				GCC_WARN_64_TO_32_BIT_CONVERSION = YES;
				GCC_WARN_ABOUT_RETURN_TYPE = YES_ERROR;
				GCC_WARN_UNDECLARED_SELECTOR = YES;
				GCC_WARN_UNINITIALIZED_AUTOS = YES_AGGRESSIVE;
				GCC_WARN_UNUSED_FUNCTION = YES;
				GCC_WARN_UNUSED_VARIABLE = YES;
				LOCALIZATION_PREFERS_STRING_CATALOGS = YES;
				MACOSX_DEPLOYMENT_TARGET = 13.0;
				MTL_ENABLE_DEBUG_INFO = INCLUDE_SOURCE;
				MTL_FAST_MATH = YES;
				ONLY_ACTIVE_ARCH = YES;
				SDKROOT = macosx;
				SWIFT_ACTIVE_COMPILATION_CONDITIONS = "DEBUG $(inherited)";
				SWIFT_OPTIMIZATION_LEVEL = "-Onone";
			};
			name = Debug;
		};
		RELEASE_CONFIG /* Release */ = {
			isa = XCBuildConfiguration;
			buildSettings = {
				ALWAYS_SEARCH_USER_PATHS = NO;
				ASSETCATALOG_COMPILER_GENERATE_SWIFT_ASSET_SYMBOL_EXTENSIONS = YES;
				CLANG_ANALYZER_NONNULL = YES;
				CLANG_ANALYZER_NUMBER_OBJECT_CONVERSION = YES_AGGRESSIVE;
				CLANG_CXX_LANGUAGE_STANDARD = "gnu++20";
				CLANG_ENABLE_MODULES = YES;
				CLANG_ENABLE_OBJC_ARC = YES;
				CLANG_ENABLE_OBJC_WEAK = YES;
				CLANG_WARN_BLOCK_CAPTURE_AUTORELEASING = YES;
				CLANG_WARN_BOOL_CONVERSION = YES;
				CLANG_WARN_COMMA = YES;
				CLANG_WARN_CONSTANT_CONVERSION = YES;
				CLANG_WARN_DEPRECATED_OBJC_IMPLEMENTATIONS = YES;
				CLANG_WARN_DIRECT_OBJC_ISA_USAGE = YES_ERROR;
				CLANG_WARN_DOCUMENTATION_COMMENTS = YES;
				CLANG_WARN_EMPTY_BODY = YES;
				CLANG_WARN_ENUM_CONVERSION = YES;
				CLANG_WARN_INFINITE_RECURSION = YES;
				CLANG_WARN_INT_CONVERSION = YES;
				CLANG_WARN_NON_LITERAL_NULL_CONVERSION = YES;
				CLANG_WARN_OBJC_IMPLICIT_RETAIN_SELF = YES;
				CLANG_WARN_OBJC_LITERAL_CONVERSION = YES;
				CLANG_WARN_OBJC_ROOT_CLASS = YES_ERROR;
				CLANG_WARN_QUOTED_INCLUDE_IN_FRAMEWORK_HEADER = YES;
				CLANG_WARN_RANGE_LOOP_ANALYSIS = YES;
				CLANG_WARN_STRICT_PROTOTYPES = YES;
				CLANG_WARN_SUSPICIOUS_MOVE = YES;
				CLANG_WARN_UNGUARDED_AVAILABILITY = YES_AGGRESSIVE;
				CLANG_WARN_UNREACHABLE_CODE = YES;
				CLANG_WARN__DUPLICATE_METHOD_MATCH = YES;
				COPY_PHASE_STRIP = NO;
				DEBUG_INFORMATION_FORMAT = "dwarf-with-dsym";
				ENABLE_NS_ASSERTIONS = NO;
				ENABLE_STRICT_OBJC_MSGSEND = YES;
				ENABLE_USER_SCRIPT_SANDBOXING = YES;
				GCC_C_LANGUAGE_STANDARD = gnu17;
				GCC_NO_COMMON_BLOCKS = YES;
				GCC_WARN_64_TO_32_BIT_CONVERSION = YES;
				GCC_WARN_ABOUT_RETURN_TYPE = YES_ERROR;
				GCC_WARN_UNDECLARED_SELECTOR = YES;
				GCC_WARN_UNINITIALIZED_AUTOS = YES_AGGRESSIVE;
				GCC_WARN_UNUSED_FUNCTION = YES;
				GCC_WARN_UNUSED_VARIABLE = YES;
				LOCALIZATION_PREFERS_STRING_CATALOGS = YES;
				MACOSX_DEPLOYMENT_TARGET = 13.0;
				MTL_ENABLE_DEBUG_INFO = NO;
				MTL_FAST_MATH = YES;
				SDKROOT = macosx;
				SWIFT_COMPILATION_MODE = wholemodule;
			};
			name = Release;
		};
		TARGET_DEBUG_CONFIG /* Debug */ = {
			isa = XCBuildConfiguration;
			buildSettings = {
				ASSETCATALOG_COMPILER_APPICON_NAME = AppIcon;
				CODE_SIGN_ENTITLEMENTS = MarmotIM/MarmotIM.entitlements;
				"CODE_SIGN_IDENTITY[sdk=macosx*]" = "Apple Development";
				CODE_SIGN_STYLE = Automatic;
				COMBINE_HIDPI_IMAGES = YES;
				CURRENT_PROJECT_VERSION = 1;
				DEVELOPMENT_TEAM = 6R7CZ58K47;
				ENABLE_HARDENED_RUNTIME = YES;
				GENERATE_INFOPLIST_FILE = NO;
				INFOPLIST_FILE = MarmotIM/Info.plist;
				INFOPLIST_KEY_LSApplicationCategoryType = "public.app-category.utilities";
				INFOPLIST_KEY_NSHumanReadableCopyright = "Copyright 2026. All rights reserved.";
				LD_RUNPATH_SEARCH_PATHS = (
					"$(inherited)",
					"@executable_path/../Frameworks",
				);
				MARKETING_VERSION = 1.0.0;
				PRODUCT_BUNDLE_IDENTIFIER = com.marmotim.inputmethod.MarmotIM;
				PRODUCT_NAME = "$(TARGET_NAME)";
				SWIFT_EMIT_LOC_STRINGS = YES;
				SWIFT_VERSION = 5.0;
			};
			name = Debug;
		};
		TARGET_RELEASE_CONFIG /* Release */ = {
			isa = XCBuildConfiguration;
			buildSettings = {
				ASSETCATALOG_COMPILER_APPICON_NAME = AppIcon;
				CODE_SIGN_ENTITLEMENTS = MarmotIM/MarmotIM.entitlements;
				"CODE_SIGN_IDENTITY[sdk=macosx*]" = "Apple Development";
				CODE_SIGN_STYLE = Automatic;
				COMBINE_HIDPI_IMAGES = YES;
				CURRENT_PROJECT_VERSION = 1;
				DEVELOPMENT_TEAM = 6R7CZ58K47;
				ENABLE_HARDENED_RUNTIME = YES;
				GENERATE_INFOPLIST_FILE = NO;
				INFOPLIST_FILE = MarmotIM/Info.plist;
				INFOPLIST_KEY_LSApplicationCategoryType = "public.app-category.utilities";
				INFOPLIST_KEY_NSHumanReadableCopyright = "Copyright 2026. All rights reserved.";
				LD_RUNPATH_SEARCH_PATHS = (
					"$(inherited)",
					"@executable_path/../Frameworks",
				);
				MARKETING_VERSION = 1.0.0;
				PRODUCT_BUNDLE_IDENTIFIER = com.marmotim.inputmethod.MarmotIM;
				PRODUCT_NAME = "$(TARGET_NAME)";
				SWIFT_EMIT_LOC_STRINGS = YES;
				SWIFT_VERSION = 5.0;
			};
			name = Release;
		};
/* End XCBuildConfiguration section */

/* Begin XCConfigurationList section */
		BUILD_CONFIG_LIST /* Build configuration list for PBXNativeTarget "MarmotIM" */ = {
			isa = XCConfigurationList;
			buildConfigurations = (
				TARGET_DEBUG_CONFIG /* Debug */,
				TARGET_RELEASE_CONFIG /* Release */,
			);
			defaultConfigurationIsVisible = 0;
			defaultConfigurationName = Release;
		};
		PROJECT_CONFIG_LIST /* Build configuration list for PBXProject "MarmotIM" */ = {
			isa = XCConfigurationList;
			buildConfigurations = (
				DEBUG_CONFIG /* Debug */,
				RELEASE_CONFIG /* Release */,
			);
			defaultConfigurationIsVisible = 0;
			defaultConfigurationName = Release;
		};
/* End XCConfigurationList section */
	};
	rootObject = PROJECT_ROOT /* Project object */;
}
